
Microsoft Visual Studio Solution File, Format Version 12.00
Project("{FAE04EC0-301F-11D3-BF4B-00C04F79EFBC}") = "DiscordMPD", "DiscordMPD\DiscordMPD.csproj", "{A9D07769-7645-40A0-9BFA-EB6875D0B864}"
EndProject
Global
	GlobalSection(SolutionConfigurationPlatforms) = preSolution
		Debug|Any CPU = Debug|Any CPU
		Release|Any CPU = Release|Any CPU
	EndGlobalSection
	GlobalSection(ProjectConfigurationPlatforms) = postSolution
		{A9D07769-7645-40A0-9BFA-EB6875D0B864}.Debug|Any CPU.ActiveCfg = Debug|Any CPU
		{A9D07769-7645-40A0-9BFA-EB6875D0B864}.Debug|Any CPU.Build.0 = Debug|Any CPU
		{A9D07769-7645-40A0-9BFA-EB6875D0B864}.Release|Any CPU.ActiveCfg = Release|Any CPU
		{A9D07769-7645-40A0-9BFA-EB6875D0B864}.Release|Any CPU.Build.0 = Release|Any CPU
	EndGlobalSection
EndGlobal
